// !$*UTF8*$!
{
	archiveVersion = 1;
	classes = {
	};
	objectVersion = 51;
	objects = {

/* Begin PBXBuildFile section */
		23270CA3279718EC0006B9FE /* UIColor+.swift in Sources */ = {isa = PBXBuildFile; fileRef = 23270CA2279718EC0006B9FE /* UIColor+.swift */; };
		23270CA52797193A0006B9FE /* UIFont+.swift in Sources */ = {isa = PBXBuildFile; fileRef = 23270CA42797193A0006B9FE /* UIFont+.swift */; };
		23270CA72797199C0006B9FE /* UILabel+.swift in Sources */ = {isa = PBXBuildFile; fileRef = 23270CA62797199C0006B9FE /* UILabel+.swift */; };
		23270CA9279719BA0006B9FE /* Notification+Name.swift in Sources */ = {isa = PBXBuildFile; fileRef = 23270CA8279719BA0006B9FE /* Notification+Name.swift */; };
		23270CAB279719D90006B9FE /* UITextField+.swift in Sources */ = {isa = PBXBuildFile; fileRef = 23270CAA279719D90006B9FE /* UITextField+.swift */; };
		23270CAD279719EF0006B9FE /* UIButton+.swift in Sources */ = {isa = PBXBuildFile; fileRef = 23270CAC279719EF0006B9FE /* UIButton+.swift */; };
		23406B8E27980304001D12B0 /* SettingTVC.swift in Sources */ = {isa = PBXBuildFile; fileRef = 23406B8D27980304001D12B0 /* SettingTVC.swift */; };
		23406B9027980F27001D12B0 /* DeliveryList.storyboard in Resources */ = {isa = PBXBuildFile; fileRef = 23406B8F27980F27001D12B0 /* DeliveryList.storyboard */; };
		23406B9227980F34001D12B0 /* DeliveryListVC.swift in Sources */ = {isa = PBXBuildFile; fileRef = 23406B9127980F34001D12B0 /* DeliveryListVC.swift */; };
		23406B942798102A001D12B0 /* MypageNC.swift in Sources */ = {isa = PBXBuildFile; fileRef = 23406B932798102A001D12B0 /* MypageNC.swift */; };
		23406B9727981C52001D12B0 /* AddressEnrollCVC.swift in Sources */ = {isa = PBXBuildFile; fileRef = 23406B9627981C52001D12B0 /* AddressEnrollCVC.swift */; };
		23406B99279842C0001D12B0 /* AddressCVC.swift in Sources */ = {isa = PBXBuildFile; fileRef = 23406B98279842C0001D12B0 /* AddressCVC.swift */; };
		23406B9B27984E1B001D12B0 /* LikeList.storyboard in Resources */ = {isa = PBXBuildFile; fileRef = 23406B9A27984E1B001D12B0 /* LikeList.storyboard */; };
		23406B9D27984E23001D12B0 /* LikeListVC.swift in Sources */ = {isa = PBXBuildFile; fileRef = 23406B9C27984E23001D12B0 /* LikeListVC.swift */; };
		23406B9F27985D77001D12B0 /* LikeListCVC.swift in Sources */ = {isa = PBXBuildFile; fileRef = 23406B9E27985D77001D12B0 /* LikeListCVC.swift */; };
		23406BB227989804001D12B0 /* OnboardingVC.swift in Sources */ = {isa = PBXBuildFile; fileRef = 23406BB127989804001D12B0 /* OnboardingVC.swift */; };
		23406BB427989822001D12B0 /* OnboardingBaseVC.swift in Sources */ = {isa = PBXBuildFile; fileRef = 23406BB327989822001D12B0 /* OnboardingBaseVC.swift */; };
		23406BB62798983A001D12B0 /* OnboardingBase.storyboard in Resources */ = {isa = PBXBuildFile; fileRef = 23406BB52798983A001D12B0 /* OnboardingBase.storyboard */; };
		23406BB827989859001D12B0 /* Onboarding.storyboard in Resources */ = {isa = PBXBuildFile; fileRef = 23406BB727989859001D12B0 /* Onboarding.storyboard */; };
		23E969FE27969DE200D7D7D3 /* Home.storyboard in Resources */ = {isa = PBXBuildFile; fileRef = 23E969FD27969DE200D7D7D3 /* Home.storyboard */; };
		23E96A0027969E0100D7D7D3 /* HomeVC.swift in Sources */ = {isa = PBXBuildFile; fileRef = 23E969FF27969E0100D7D7D3 /* HomeVC.swift */; };
		23E96A0227969E7600D7D7D3 /* Magazine.storyboard in Resources */ = {isa = PBXBuildFile; fileRef = 23E96A0127969E7600D7D7D3 /* Magazine.storyboard */; };
		23E96A0427969E8300D7D7D3 /* MagazineVC.swift in Sources */ = {isa = PBXBuildFile; fileRef = 23E96A0327969E8300D7D7D3 /* MagazineVC.swift */; };
		23E96A0627969EAA00D7D7D3 /* CalendarVC.swift in Sources */ = {isa = PBXBuildFile; fileRef = 23E96A0527969EAA00D7D7D3 /* CalendarVC.swift */; };
		23E96A0827969ECE00D7D7D3 /* Calendar.storyboard in Resources */ = {isa = PBXBuildFile; fileRef = 23E96A0727969ECE00D7D7D3 /* Calendar.storyboard */; };
		23E96A0A27969EDF00D7D7D3 /* MypageVC.swift in Sources */ = {isa = PBXBuildFile; fileRef = 23E96A0927969EDF00D7D7D3 /* MypageVC.swift */; };
		23E96A0C27969EF300D7D7D3 /* Mypage.storyboard in Resources */ = {isa = PBXBuildFile; fileRef = 23E96A0B27969EF300D7D7D3 /* Mypage.storyboard */; };
		23E96A1127969F2400D7D7D3 /* a.swift in Sources */ = {isa = PBXBuildFile; fileRef = 23E96A1027969F2400D7D7D3 /* a.swift */; };
		23E96A1827969F6500D7D7D3 /* TeaKKeulTBC.swift in Sources */ = {isa = PBXBuildFile; fileRef = 23E96A1727969F6500D7D7D3 /* TeaKKeulTBC.swift */; };
		23E96A1A27969F7600D7D7D3 /* TabBar.storyboard in Resources */ = {isa = PBXBuildFile; fileRef = 23E96A1927969F7600D7D7D3 /* TabBar.storyboard */; };
		23E96A1D27969FC900D7D7D3 /* Identifiers.swift in Sources */ = {isa = PBXBuildFile; fileRef = 23E96A1C27969FC900D7D7D3 /* Identifiers.swift */; };
		23E96A2027969FE900D7D7D3 /* ViewControllerFactory.swift in Sources */ = {isa = PBXBuildFile; fileRef = 23E96A1F27969FE900D7D7D3 /* ViewControllerFactory.swift */; };
		23E96A2227969FF900D7D7D3 /* TypeOfViewController.swift in Sources */ = {isa = PBXBuildFile; fileRef = 23E96A2127969FF900D7D7D3 /* TypeOfViewController.swift */; };
		23E96A242796A00900D7D7D3 /* StoryboardRepresentation.swift in Sources */ = {isa = PBXBuildFile; fileRef = 23E96A232796A00900D7D7D3 /* StoryboardRepresentation.swift */; };
		23E96A262796A29C00D7D7D3 /* SceneDelegate.swift in Sources */ = {isa = PBXBuildFile; fileRef = 23E96A252796A29C00D7D7D3 /* SceneDelegate.swift */; };
		23E96A2A2796CA1F00D7D7D3 /* MagazineCVC.swift in Sources */ = {isa = PBXBuildFile; fileRef = 23E96A292796CA1F00D7D7D3 /* MagazineCVC.swift */; };
		23FB7871279698D5000549C2 /* AppDelegate.swift in Sources */ = {isa = PBXBuildFile; fileRef = 23FB7870279698D5000549C2 /* AppDelegate.swift */; };
		23FB787A279698D6000549C2 /* Assets.xcassets in Resources */ = {isa = PBXBuildFile; fileRef = 23FB7879279698D6000549C2 /* Assets.xcassets */; };
		23FB787D279698D6000549C2 /* LaunchScreen.storyboard in Resources */ = {isa = PBXBuildFile; fileRef = 23FB787B279698D6000549C2 /* LaunchScreen.storyboard */; };

		3F4DDF6804176C37E807947A /* Pods_Tea_KKeul_iOS.framework in Frameworks */ = {isa = PBXBuildFile; fileRef = BA6A3CC9CC804FB8BCF545EA /* Pods_Tea_KKeul_iOS.framework */; };
		BD2B7EBD27972D990070CA0D /* GoogleService-Info.plist in Resources */ = {isa = PBXBuildFile; fileRef = BD2B7EBC27972D990070CA0D /* GoogleService-Info.plist */; };
		BD9456F72796B6D800EB0222 /* Login.storyboard in Resources */ = {isa = PBXBuildFile; fileRef = BD9456F62796B6D800EB0222 /* Login.storyboard */; };
		BD9456F92796B6EE00EB0222 /* LoginVC.swift in Sources */ = {isa = PBXBuildFile; fileRef = BD9456F82796B6EE00EB0222 /* LoginVC.swift */; };
/* End PBXBuildFile section */

/* Begin PBXFileReference section */
		225711E4162BB061252B27E4 /* Pods-Tea-KKeul-iOS.release.xcconfig */ = {isa = PBXFileReference; includeInIndex = 1; lastKnownFileType = text.xcconfig; name = "Pods-Tea-KKeul-iOS.release.xcconfig"; path = "Target Support Files/Pods-Tea-KKeul-iOS/Pods-Tea-KKeul-iOS.release.xcconfig"; sourceTree = "<group>"; };

		55380B265487589C90FD6428 /* Pods_Tea_KKeul_iOS.framework in Frameworks */ = {isa = PBXBuildFile; fileRef = 899E3EC9C1BE9A389460B161 /* Pods_Tea_KKeul_iOS.framework */; };
		F205B3E0279796BB0065DB55 /* MyStateTVC.swift in Sources */ = {isa = PBXBuildFile; fileRef = F205B3DE279796BB0065DB55 /* MyStateTVC.swift */; };
		F205B3E1279796BB0065DB55 /* MyStateTVC.xib in Resources */ = {isa = PBXBuildFile; fileRef = F205B3DF279796BB0065DB55 /* MyStateTVC.xib */; };
		F205B3E427979DCB0065DB55 /* TeaListTVC.swift in Sources */ = {isa = PBXBuildFile; fileRef = F205B3E227979DCB0065DB55 /* TeaListTVC.swift */; };
		F205B3E527979DCB0065DB55 /* TeaListTVC.xib in Resources */ = {isa = PBXBuildFile; fileRef = F205B3E327979DCB0065DB55 /* TeaListTVC.xib */; };
		F205B3EB2797ACCE0065DB55 /* HomeTitleHeaderView.swift in Sources */ = {isa = PBXBuildFile; fileRef = F205B3EA2797ACCE0065DB55 /* HomeTitleHeaderView.swift */; };
		F205B3EF2797B3960065DB55 /* HomeTitleHeaderView.xib in Resources */ = {isa = PBXBuildFile; fileRef = F205B3EE2797B3960065DB55 /* HomeTitleHeaderView.xib */; };
		F278F2482797F3EE00B7A22F /* UITextView+.swift in Sources */ = {isa = PBXBuildFile; fileRef = F278F2472797F3EE00B7A22F /* UITextView+.swift */; };
		F278F24A2797F44B00B7A22F /* CALayer+.swift in Sources */ = {isa = PBXBuildFile; fileRef = F278F2492797F44B00B7A22F /* CALayer+.swift */; };
		F278F24C2797F67A00B7A22F /* UIView+.swift in Sources */ = {isa = PBXBuildFile; fileRef = F278F24B2797F67A00B7A22F /* UIView+.swift */; };
		F278F24E2797F71000B7A22F /* UIImageView+.swift in Sources */ = {isa = PBXBuildFile; fileRef = F278F24D2797F71000B7A22F /* UIImageView+.swift */; };
		F278F2562797FA2200B7A22F /* NotoSansKR-Black.otf in Resources */ = {isa = PBXBuildFile; fileRef = F278F24F2797F9F300B7A22F /* NotoSansKR-Black.otf */; };
		F278F2572797FA2500B7A22F /* NotoSansKR-Bold.otf in Resources */ = {isa = PBXBuildFile; fileRef = F278F2542797F9F400B7A22F /* NotoSansKR-Bold.otf */; };
		F278F2582797FA2F00B7A22F /* NotoSansKR-Light.otf in Resources */ = {isa = PBXBuildFile; fileRef = F278F2522797F9F400B7A22F /* NotoSansKR-Light.otf */; };
		F278F2592797FA3200B7A22F /* NotoSansKR-Medium.otf in Resources */ = {isa = PBXBuildFile; fileRef = F278F2532797F9F400B7A22F /* NotoSansKR-Medium.otf */; };
		F278F25A2797FA3400B7A22F /* NotoSansKR-Regular.otf in Resources */ = {isa = PBXBuildFile; fileRef = F278F2502797F9F300B7A22F /* NotoSansKR-Regular.otf */; };
		F278F25B2797FA3700B7A22F /* NotoSansKR-Thin.otf in Resources */ = {isa = PBXBuildFile; fileRef = F278F2512797F9F300B7A22F /* NotoSansKR-Thin.otf */; };
		F278F2602797FA4500B7A22F /* NotoSans-Regular.ttf in Resources */ = {isa = PBXBuildFile; fileRef = F278F25C2797FA4400B7A22F /* NotoSans-Regular.ttf */; };
		F278F2612797FA4500B7A22F /* NotoSans-Bold.ttf in Resources */ = {isa = PBXBuildFile; fileRef = F278F25D2797FA4400B7A22F /* NotoSans-Bold.ttf */; };
		F278F2622797FA4500B7A22F /* NotoSans-Italic.ttf in Resources */ = {isa = PBXBuildFile; fileRef = F278F25E2797FA4500B7A22F /* NotoSans-Italic.ttf */; };
		F278F2632797FA4500B7A22F /* NotoSans-BoldItalic.ttf in Resources */ = {isa = PBXBuildFile; fileRef = F278F25F2797FA4500B7A22F /* NotoSans-BoldItalic.ttf */; };
		F278F2652798018400B7A22F /* Subscribe.storyboard in Resources */ = {isa = PBXBuildFile; fileRef = F278F2642798018400B7A22F /* Subscribe.storyboard */; };
		F278F2672798019A00B7A22F /* SubscribeVC.swift in Sources */ = {isa = PBXBuildFile; fileRef = F278F2662798019A00B7A22F /* SubscribeVC.swift */; };
		F278F26927980AE300B7A22F /* HomeNC.swift in Sources */ = {isa = PBXBuildFile; fileRef = F278F26827980AE300B7A22F /* HomeNC.swift */; };
		F278F26D279846A500B7A22F /* AddressTVC.swift in Sources */ = {isa = PBXBuildFile; fileRef = F278F26B279846A500B7A22F /* AddressTVC.swift */; };
		F278F26E279846A500B7A22F /* AddressTVC.xib in Resources */ = {isa = PBXBuildFile; fileRef = F278F26C279846A500B7A22F /* AddressTVC.xib */; };
		F278F271279849A800B7A22F /* SubTitleHeaderView.xib in Resources */ = {isa = PBXBuildFile; fileRef = F278F270279849A800B7A22F /* SubTitleHeaderView.xib */; };
		F278F27527984AAC00B7A22F /* SubTitleHeaderView.swift in Sources */ = {isa = PBXBuildFile; fileRef = F278F27427984AAC00B7A22F /* SubTitleHeaderView.swift */; };
		F278F2782798519100B7A22F /* DeliveryBoxTVC.swift in Sources */ = {isa = PBXBuildFile; fileRef = F278F2762798519100B7A22F /* DeliveryBoxTVC.swift */; };
		F278F2792798519100B7A22F /* DeliveryBoxTVC.xib in Resources */ = {isa = PBXBuildFile; fileRef = F278F2772798519100B7A22F /* DeliveryBoxTVC.xib */; };
		F278F27C2798648200B7A22F /* SubscribePeriodTVC.swift in Sources */ = {isa = PBXBuildFile; fileRef = F278F27A2798648200B7A22F /* SubscribePeriodTVC.swift */; };
		F278F27D2798648200B7A22F /* SubscribePeriodTVC.xib in Resources */ = {isa = PBXBuildFile; fileRef = F278F27B2798648200B7A22F /* SubscribePeriodTVC.xib */; };
		F278F28027987A3900B7A22F /* BlendOptionTVC.swift in Sources */ = {isa = PBXBuildFile; fileRef = F278F27E27987A3900B7A22F /* BlendOptionTVC.swift */; };
		F278F28127987A3900B7A22F /* BlendOptionTVC.xib in Resources */ = {isa = PBXBuildFile; fileRef = F278F27F27987A3900B7A22F /* BlendOptionTVC.xib */; };
		F278F2862798A55200B7A22F /* TotalCostTVC.swift in Sources */ = {isa = PBXBuildFile; fileRef = F278F2842798A55200B7A22F /* TotalCostTVC.swift */; };
		F278F2872798A55200B7A22F /* TotalCostTVC.xib in Resources */ = {isa = PBXBuildFile; fileRef = F278F2852798A55200B7A22F /* TotalCostTVC.xib */; };
		F278F28A2798AB0900B7A22F /* PaymentSelectionTVC.swift in Sources */ = {isa = PBXBuildFile; fileRef = F278F2882798AB0900B7A22F /* PaymentSelectionTVC.swift */; };
		F278F28B2798AB0900B7A22F /* PaymentSelectionTVC.xib in Resources */ = {isa = PBXBuildFile; fileRef = F278F2892798AB0900B7A22F /* PaymentSelectionTVC.xib */; };
		F2B0453A27970C2F00FFEE27 /* ConditionCheckTVC.swift in Sources */ = {isa = PBXBuildFile; fileRef = F2B0453827970C2F00FFEE27 /* ConditionCheckTVC.swift */; };
		F2B0453B27970C2F00FFEE27 /* ConditionCheckTVC.xib in Resources */ = {isa = PBXBuildFile; fileRef = F2B0453927970C2F00FFEE27 /* ConditionCheckTVC.xib */; };
		F2B0453E2797288300FFEE27 /* SubscribeTVC.swift in Sources */ = {isa = PBXBuildFile; fileRef = F2B0453C2797288300FFEE27 /* SubscribeTVC.swift */; };
		F2B0453F2797288300FFEE27 /* SubscribeTVC.xib in Resources */ = {isa = PBXBuildFile; fileRef = F2B0453D2797288300FFEE27 /* SubscribeTVC.xib */; };
/* End PBXBuildFile section */

/* Begin PBXFileReference section */
		23270CA2279718EC0006B9FE /* UIColor+.swift */ = {isa = PBXFileReference; lastKnownFileType = sourcecode.swift; path = "UIColor+.swift"; sourceTree = "<group>"; };
		23270CA42797193A0006B9FE /* UIFont+.swift */ = {isa = PBXFileReference; lastKnownFileType = sourcecode.swift; path = "UIFont+.swift"; sourceTree = "<group>"; };
		23270CA62797199C0006B9FE /* UILabel+.swift */ = {isa = PBXFileReference; lastKnownFileType = sourcecode.swift; path = "UILabel+.swift"; sourceTree = "<group>"; };
		23270CA8279719BA0006B9FE /* Notification+Name.swift */ = {isa = PBXFileReference; lastKnownFileType = sourcecode.swift; path = "Notification+Name.swift"; sourceTree = "<group>"; };
		23270CAA279719D90006B9FE /* UITextField+.swift */ = {isa = PBXFileReference; lastKnownFileType = sourcecode.swift; path = "UITextField+.swift"; sourceTree = "<group>"; };
		23270CAC279719EF0006B9FE /* UIButton+.swift */ = {isa = PBXFileReference; lastKnownFileType = sourcecode.swift; path = "UIButton+.swift"; sourceTree = "<group>"; };
		23406B8D27980304001D12B0 /* SettingTVC.swift */ = {isa = PBXFileReference; lastKnownFileType = sourcecode.swift; path = SettingTVC.swift; sourceTree = "<group>"; };
		23406B8F27980F27001D12B0 /* DeliveryList.storyboard */ = {isa = PBXFileReference; lastKnownFileType = file.storyboard; path = DeliveryList.storyboard; sourceTree = "<group>"; };
		23406B9127980F34001D12B0 /* DeliveryListVC.swift */ = {isa = PBXFileReference; lastKnownFileType = sourcecode.swift; path = DeliveryListVC.swift; sourceTree = "<group>"; };
		23406B932798102A001D12B0 /* MypageNC.swift */ = {isa = PBXFileReference; lastKnownFileType = sourcecode.swift; path = MypageNC.swift; sourceTree = "<group>"; };
		23406B9627981C52001D12B0 /* AddressEnrollCVC.swift */ = {isa = PBXFileReference; lastKnownFileType = sourcecode.swift; path = AddressEnrollCVC.swift; sourceTree = "<group>"; };
		23406B98279842C0001D12B0 /* AddressCVC.swift */ = {isa = PBXFileReference; lastKnownFileType = sourcecode.swift; path = AddressCVC.swift; sourceTree = "<group>"; };
		23406B9A27984E1B001D12B0 /* LikeList.storyboard */ = {isa = PBXFileReference; lastKnownFileType = file.storyboard; path = LikeList.storyboard; sourceTree = "<group>"; };
		23406B9C27984E23001D12B0 /* LikeListVC.swift */ = {isa = PBXFileReference; lastKnownFileType = sourcecode.swift; path = LikeListVC.swift; sourceTree = "<group>"; };
		23406B9E27985D77001D12B0 /* LikeListCVC.swift */ = {isa = PBXFileReference; lastKnownFileType = sourcecode.swift; path = LikeListCVC.swift; sourceTree = "<group>"; };
		23406BB127989804001D12B0 /* OnboardingVC.swift */ = {isa = PBXFileReference; lastKnownFileType = sourcecode.swift; path = OnboardingVC.swift; sourceTree = "<group>"; };
		23406BB327989822001D12B0 /* OnboardingBaseVC.swift */ = {isa = PBXFileReference; lastKnownFileType = sourcecode.swift; path = OnboardingBaseVC.swift; sourceTree = "<group>"; };
		23406BB52798983A001D12B0 /* OnboardingBase.storyboard */ = {isa = PBXFileReference; lastKnownFileType = file.storyboard; path = OnboardingBase.storyboard; sourceTree = "<group>"; };
		23406BB727989859001D12B0 /* Onboarding.storyboard */ = {isa = PBXFileReference; lastKnownFileType = file.storyboard; path = Onboarding.storyboard; sourceTree = "<group>"; };

		23E969FD27969DE200D7D7D3 /* Home.storyboard */ = {isa = PBXFileReference; lastKnownFileType = file.storyboard; path = Home.storyboard; sourceTree = "<group>"; };
		23E969FF27969E0100D7D7D3 /* HomeVC.swift */ = {isa = PBXFileReference; lastKnownFileType = sourcecode.swift; path = HomeVC.swift; sourceTree = "<group>"; };
		23E96A0127969E7600D7D7D3 /* Magazine.storyboard */ = {isa = PBXFileReference; lastKnownFileType = file.storyboard; path = Magazine.storyboard; sourceTree = "<group>"; };
		23E96A0327969E8300D7D7D3 /* MagazineVC.swift */ = {isa = PBXFileReference; lastKnownFileType = sourcecode.swift; path = MagazineVC.swift; sourceTree = "<group>"; };
		23E96A0527969EAA00D7D7D3 /* CalendarVC.swift */ = {isa = PBXFileReference; lastKnownFileType = sourcecode.swift; path = CalendarVC.swift; sourceTree = "<group>"; };
		23E96A0727969ECE00D7D7D3 /* Calendar.storyboard */ = {isa = PBXFileReference; lastKnownFileType = file.storyboard; path = Calendar.storyboard; sourceTree = "<group>"; };
		23E96A0927969EDF00D7D7D3 /* MypageVC.swift */ = {isa = PBXFileReference; lastKnownFileType = sourcecode.swift; path = MypageVC.swift; sourceTree = "<group>"; };
		23E96A0B27969EF300D7D7D3 /* Mypage.storyboard */ = {isa = PBXFileReference; lastKnownFileType = file.storyboard; path = Mypage.storyboard; sourceTree = "<group>"; };
		23E96A1027969F2400D7D7D3 /* a.swift */ = {isa = PBXFileReference; lastKnownFileType = sourcecode.swift; path = a.swift; sourceTree = "<group>"; };
		23E96A1727969F6500D7D7D3 /* TeaKKeulTBC.swift */ = {isa = PBXFileReference; lastKnownFileType = sourcecode.swift; path = TeaKKeulTBC.swift; sourceTree = "<group>"; };
		23E96A1927969F7600D7D7D3 /* TabBar.storyboard */ = {isa = PBXFileReference; lastKnownFileType = file.storyboard; path = TabBar.storyboard; sourceTree = "<group>"; };
		23E96A1C27969FC900D7D7D3 /* Identifiers.swift */ = {isa = PBXFileReference; lastKnownFileType = sourcecode.swift; path = Identifiers.swift; sourceTree = "<group>"; };
		23E96A1F27969FE900D7D7D3 /* ViewControllerFactory.swift */ = {isa = PBXFileReference; lastKnownFileType = sourcecode.swift; path = ViewControllerFactory.swift; sourceTree = "<group>"; };
		23E96A2127969FF900D7D7D3 /* TypeOfViewController.swift */ = {isa = PBXFileReference; lastKnownFileType = sourcecode.swift; path = TypeOfViewController.swift; sourceTree = "<group>"; };
		23E96A232796A00900D7D7D3 /* StoryboardRepresentation.swift */ = {isa = PBXFileReference; lastKnownFileType = sourcecode.swift; path = StoryboardRepresentation.swift; sourceTree = "<group>"; };
		23E96A252796A29C00D7D7D3 /* SceneDelegate.swift */ = {isa = PBXFileReference; lastKnownFileType = sourcecode.swift; path = SceneDelegate.swift; sourceTree = "<group>"; };
		23E96A292796CA1F00D7D7D3 /* MagazineCVC.swift */ = {isa = PBXFileReference; lastKnownFileType = sourcecode.swift; path = MagazineCVC.swift; sourceTree = "<group>"; };
		23FB786D279698D5000549C2 /* Tea-KKeul-iOS.app */ = {isa = PBXFileReference; explicitFileType = wrapper.application; includeInIndex = 0; path = "Tea-KKeul-iOS.app"; sourceTree = BUILT_PRODUCTS_DIR; };
		23FB7870279698D5000549C2 /* AppDelegate.swift */ = {isa = PBXFileReference; lastKnownFileType = sourcecode.swift; path = AppDelegate.swift; sourceTree = "<group>"; };
		23FB7879279698D6000549C2 /* Assets.xcassets */ = {isa = PBXFileReference; lastKnownFileType = folder.assetcatalog; path = Assets.xcassets; sourceTree = "<group>"; };
		23FB787C279698D6000549C2 /* Base */ = {isa = PBXFileReference; lastKnownFileType = file.storyboard; name = Base; path = Base.lproj/LaunchScreen.storyboard; sourceTree = "<group>"; };
		23FB787E279698D6000549C2 /* Info.plist */ = {isa = PBXFileReference; lastKnownFileType = text.plist.xml; path = Info.plist; sourceTree = "<group>"; };

		5E6256C7B7A42D0BD4007BF6 /* Pods-Tea-KKeul-iOS.debug.xcconfig */ = {isa = PBXFileReference; includeInIndex = 1; lastKnownFileType = text.xcconfig; name = "Pods-Tea-KKeul-iOS.debug.xcconfig"; path = "Target Support Files/Pods-Tea-KKeul-iOS/Pods-Tea-KKeul-iOS.debug.xcconfig"; sourceTree = "<group>"; };
		BA6A3CC9CC804FB8BCF545EA /* Pods_Tea_KKeul_iOS.framework */ = {isa = PBXFileReference; explicitFileType = wrapper.framework; includeInIndex = 0; path = Pods_Tea_KKeul_iOS.framework; sourceTree = BUILT_PRODUCTS_DIR; };
		BD2B7EBC27972D990070CA0D /* GoogleService-Info.plist */ = {isa = PBXFileReference; fileEncoding = 4; lastKnownFileType = text.plist.xml; name = "GoogleService-Info.plist"; path = "../../../Downloads/GoogleService-Info.plist"; sourceTree = "<group>"; };
		BD695BF927980C590090E598 /* absl.framework */ = {isa = PBXFileReference; explicitFileType = wrapper.framework; path = absl.framework; sourceTree = BUILT_PRODUCTS_DIR; };
		BD9456F62796B6D800EB0222 /* Login.storyboard */ = {isa = PBXFileReference; lastKnownFileType = file.storyboard; path = Login.storyboard; sourceTree = "<group>"; };
		BD9456F82796B6EE00EB0222 /* LoginVC.swift */ = {isa = PBXFileReference; lastKnownFileType = sourcecode.swift; path = LoginVC.swift; sourceTree = "<group>"; };
		BD9598ED2797D1120032F901 /* Tea-KKeul-iOS.entitlements */ = {isa = PBXFileReference; lastKnownFileType = text.plist.entitlements; path = "Tea-KKeul-iOS.entitlements"; sourceTree = "<group>"; };

		899E3EC9C1BE9A389460B161 /* Pods_Tea_KKeul_iOS.framework */ = {isa = PBXFileReference; explicitFileType = wrapper.framework; includeInIndex = 0; path = Pods_Tea_KKeul_iOS.framework; sourceTree = BUILT_PRODUCTS_DIR; };
		A1540D966095D75595CE5F89 /* Pods-Tea-KKeul-iOS.debug.xcconfig */ = {isa = PBXFileReference; includeInIndex = 1; lastKnownFileType = text.xcconfig; name = "Pods-Tea-KKeul-iOS.debug.xcconfig"; path = "Target Support Files/Pods-Tea-KKeul-iOS/Pods-Tea-KKeul-iOS.debug.xcconfig"; sourceTree = "<group>"; };
		CCFAAEC4C2AFE14CA7D0EEBD /* Pods-Tea-KKeul-iOS.release.xcconfig */ = {isa = PBXFileReference; includeInIndex = 1; lastKnownFileType = text.xcconfig; name = "Pods-Tea-KKeul-iOS.release.xcconfig"; path = "Target Support Files/Pods-Tea-KKeul-iOS/Pods-Tea-KKeul-iOS.release.xcconfig"; sourceTree = "<group>"; };
		F205B3DE279796BB0065DB55 /* MyStateTVC.swift */ = {isa = PBXFileReference; lastKnownFileType = sourcecode.swift; path = MyStateTVC.swift; sourceTree = "<group>"; };
		F205B3DF279796BB0065DB55 /* MyStateTVC.xib */ = {isa = PBXFileReference; lastKnownFileType = file.xib; path = MyStateTVC.xib; sourceTree = "<group>"; };
		F205B3E227979DCB0065DB55 /* TeaListTVC.swift */ = {isa = PBXFileReference; lastKnownFileType = sourcecode.swift; path = TeaListTVC.swift; sourceTree = "<group>"; };
		F205B3E327979DCB0065DB55 /* TeaListTVC.xib */ = {isa = PBXFileReference; lastKnownFileType = file.xib; path = TeaListTVC.xib; sourceTree = "<group>"; };
		F205B3EA2797ACCE0065DB55 /* HomeTitleHeaderView.swift */ = {isa = PBXFileReference; lastKnownFileType = sourcecode.swift; path = HomeTitleHeaderView.swift; sourceTree = "<group>"; };
		F205B3EE2797B3960065DB55 /* HomeTitleHeaderView.xib */ = {isa = PBXFileReference; lastKnownFileType = file.xib; path = HomeTitleHeaderView.xib; sourceTree = "<group>"; };
		F278F2472797F3EE00B7A22F /* UITextView+.swift */ = {isa = PBXFileReference; lastKnownFileType = sourcecode.swift; path = "UITextView+.swift"; sourceTree = "<group>"; };
		F278F2492797F44B00B7A22F /* CALayer+.swift */ = {isa = PBXFileReference; lastKnownFileType = sourcecode.swift; path = "CALayer+.swift"; sourceTree = "<group>"; };
		F278F24B2797F67A00B7A22F /* UIView+.swift */ = {isa = PBXFileReference; lastKnownFileType = sourcecode.swift; path = "UIView+.swift"; sourceTree = "<group>"; };
		F278F24D2797F71000B7A22F /* UIImageView+.swift */ = {isa = PBXFileReference; lastKnownFileType = sourcecode.swift; path = "UIImageView+.swift"; sourceTree = "<group>"; };
		F278F24F2797F9F300B7A22F /* NotoSansKR-Black.otf */ = {isa = PBXFileReference; lastKnownFileType = file; path = "NotoSansKR-Black.otf"; sourceTree = "<group>"; };
		F278F2502797F9F300B7A22F /* NotoSansKR-Regular.otf */ = {isa = PBXFileReference; lastKnownFileType = file; path = "NotoSansKR-Regular.otf"; sourceTree = "<group>"; };
		F278F2512797F9F300B7A22F /* NotoSansKR-Thin.otf */ = {isa = PBXFileReference; lastKnownFileType = file; path = "NotoSansKR-Thin.otf"; sourceTree = "<group>"; };
		F278F2522797F9F400B7A22F /* NotoSansKR-Light.otf */ = {isa = PBXFileReference; lastKnownFileType = file; path = "NotoSansKR-Light.otf"; sourceTree = "<group>"; };
		F278F2532797F9F400B7A22F /* NotoSansKR-Medium.otf */ = {isa = PBXFileReference; lastKnownFileType = file; path = "NotoSansKR-Medium.otf"; sourceTree = "<group>"; };
		F278F2542797F9F400B7A22F /* NotoSansKR-Bold.otf */ = {isa = PBXFileReference; lastKnownFileType = file; path = "NotoSansKR-Bold.otf"; sourceTree = "<group>"; };
		F278F25C2797FA4400B7A22F /* NotoSans-Regular.ttf */ = {isa = PBXFileReference; lastKnownFileType = file; path = "NotoSans-Regular.ttf"; sourceTree = "<group>"; };
		F278F25D2797FA4400B7A22F /* NotoSans-Bold.ttf */ = {isa = PBXFileReference; lastKnownFileType = file; path = "NotoSans-Bold.ttf"; sourceTree = "<group>"; };
		F278F25E2797FA4500B7A22F /* NotoSans-Italic.ttf */ = {isa = PBXFileReference; lastKnownFileType = file; path = "NotoSans-Italic.ttf"; sourceTree = "<group>"; };
		F278F25F2797FA4500B7A22F /* NotoSans-BoldItalic.ttf */ = {isa = PBXFileReference; lastKnownFileType = file; path = "NotoSans-BoldItalic.ttf"; sourceTree = "<group>"; };
		F278F2642798018400B7A22F /* Subscribe.storyboard */ = {isa = PBXFileReference; lastKnownFileType = file.storyboard; path = Subscribe.storyboard; sourceTree = "<group>"; };
		F278F2662798019A00B7A22F /* SubscribeVC.swift */ = {isa = PBXFileReference; lastKnownFileType = sourcecode.swift; path = SubscribeVC.swift; sourceTree = "<group>"; };
		F278F26827980AE300B7A22F /* HomeNC.swift */ = {isa = PBXFileReference; lastKnownFileType = sourcecode.swift; path = HomeNC.swift; sourceTree = "<group>"; };
		F278F26B279846A500B7A22F /* AddressTVC.swift */ = {isa = PBXFileReference; lastKnownFileType = sourcecode.swift; path = AddressTVC.swift; sourceTree = "<group>"; };
		F278F26C279846A500B7A22F /* AddressTVC.xib */ = {isa = PBXFileReference; lastKnownFileType = file.xib; path = AddressTVC.xib; sourceTree = "<group>"; };
		F278F270279849A800B7A22F /* SubTitleHeaderView.xib */ = {isa = PBXFileReference; lastKnownFileType = file.xib; path = SubTitleHeaderView.xib; sourceTree = "<group>"; };
		F278F27427984AAC00B7A22F /* SubTitleHeaderView.swift */ = {isa = PBXFileReference; lastKnownFileType = sourcecode.swift; path = SubTitleHeaderView.swift; sourceTree = "<group>"; };
		F278F2762798519100B7A22F /* DeliveryBoxTVC.swift */ = {isa = PBXFileReference; lastKnownFileType = sourcecode.swift; path = DeliveryBoxTVC.swift; sourceTree = "<group>"; };
		F278F2772798519100B7A22F /* DeliveryBoxTVC.xib */ = {isa = PBXFileReference; lastKnownFileType = file.xib; path = DeliveryBoxTVC.xib; sourceTree = "<group>"; };
		F278F27A2798648200B7A22F /* SubscribePeriodTVC.swift */ = {isa = PBXFileReference; lastKnownFileType = sourcecode.swift; path = SubscribePeriodTVC.swift; sourceTree = "<group>"; };
		F278F27B2798648200B7A22F /* SubscribePeriodTVC.xib */ = {isa = PBXFileReference; lastKnownFileType = file.xib; path = SubscribePeriodTVC.xib; sourceTree = "<group>"; };
		F278F27E27987A3900B7A22F /* BlendOptionTVC.swift */ = {isa = PBXFileReference; lastKnownFileType = sourcecode.swift; path = BlendOptionTVC.swift; sourceTree = "<group>"; };
		F278F27F27987A3900B7A22F /* BlendOptionTVC.xib */ = {isa = PBXFileReference; lastKnownFileType = file.xib; path = BlendOptionTVC.xib; sourceTree = "<group>"; };
		F278F2842798A55200B7A22F /* TotalCostTVC.swift */ = {isa = PBXFileReference; lastKnownFileType = sourcecode.swift; path = TotalCostTVC.swift; sourceTree = "<group>"; };
		F278F2852798A55200B7A22F /* TotalCostTVC.xib */ = {isa = PBXFileReference; lastKnownFileType = file.xib; path = TotalCostTVC.xib; sourceTree = "<group>"; };
		F278F2882798AB0900B7A22F /* PaymentSelectionTVC.swift */ = {isa = PBXFileReference; lastKnownFileType = sourcecode.swift; path = PaymentSelectionTVC.swift; sourceTree = "<group>"; };
		F278F2892798AB0900B7A22F /* PaymentSelectionTVC.xib */ = {isa = PBXFileReference; lastKnownFileType = file.xib; path = PaymentSelectionTVC.xib; sourceTree = "<group>"; };
		F2B0453827970C2F00FFEE27 /* ConditionCheckTVC.swift */ = {isa = PBXFileReference; lastKnownFileType = sourcecode.swift; path = ConditionCheckTVC.swift; sourceTree = "<group>"; };
		F2B0453927970C2F00FFEE27 /* ConditionCheckTVC.xib */ = {isa = PBXFileReference; lastKnownFileType = file.xib; path = ConditionCheckTVC.xib; sourceTree = "<group>"; };
		F2B0453C2797288300FFEE27 /* SubscribeTVC.swift */ = {isa = PBXFileReference; lastKnownFileType = sourcecode.swift; path = SubscribeTVC.swift; sourceTree = "<group>"; };
		F2B0453D2797288300FFEE27 /* SubscribeTVC.xib */ = {isa = PBXFileReference; lastKnownFileType = file.xib; path = SubscribeTVC.xib; sourceTree = "<group>"; };

/* End PBXFileReference section */

/* Begin PBXFrameworksBuildPhase section */
		23FB786A279698D5000549C2 /* Frameworks */ = {
			isa = PBXFrameworksBuildPhase;
			buildActionMask = 2147483647;
			files = (
				3F4DDF6804176C37E807947A /* Pods_Tea_KKeul_iOS.framework in Frameworks */,
			);
			runOnlyForDeploymentPostprocessing = 0;
		};
/* End PBXFrameworksBuildPhase section */

/* Begin PBXGroup section */
		23270CA1279718D20006B9FE /* Extension */ = {
			isa = PBXGroup;
			children = (
				23270CA2279718EC0006B9FE /* UIColor+.swift */,
				23270CA42797193A0006B9FE /* UIFont+.swift */,
				23270CA62797199C0006B9FE /* UILabel+.swift */,
				23270CA8279719BA0006B9FE /* Notification+Name.swift */,
				23270CAA279719D90006B9FE /* UITextField+.swift */,
				23270CAC279719EF0006B9FE /* UIButton+.swift */,
				F278F2472797F3EE00B7A22F /* UITextView+.swift */,
				F278F2492797F44B00B7A22F /* CALayer+.swift */,
				F278F24B2797F67A00B7A22F /* UIView+.swift */,
				F278F24D2797F71000B7A22F /* UIImageView+.swift */,
			);
			path = Extension;
			sourceTree = "<group>";
		};
		23406B8B279802F8001D12B0 /* Cell */ = {
			isa = PBXGroup;
			children = (
				23406B9527981C44001D12B0 /* CVC */,
				23406B8C279802FC001D12B0 /* TVC */,
			);
			path = Cell;
			sourceTree = "<group>";
		};
		23406B8C279802FC001D12B0 /* TVC */ = {
			isa = PBXGroup;
			children = (
				23406B8D27980304001D12B0 /* SettingTVC.swift */,
			);
			path = TVC;
			sourceTree = "<group>";
		};
		23406B9527981C44001D12B0 /* CVC */ = {
			isa = PBXGroup;
			children = (
				23406B9627981C52001D12B0 /* AddressEnrollCVC.swift */,
				23406B98279842C0001D12B0 /* AddressCVC.swift */,
				23406B9E27985D77001D12B0 /* LikeListCVC.swift */,
			);
			path = CVC;
			sourceTree = "<group>";
		};
		23406BAE279897DC001D12B0 /* Onboarding */ = {
			isa = PBXGroup;
			children = (
				23406BB0279897EF001D12B0 /* Storyboard */,
				23406BAF279897E8001D12B0 /* Controller */,
			);
			path = Onboarding;
			sourceTree = "<group>";
		};
		23406BAF279897E8001D12B0 /* Controller */ = {
			isa = PBXGroup;
			children = (
				23406BB127989804001D12B0 /* OnboardingVC.swift */,
				23406BB327989822001D12B0 /* OnboardingBaseVC.swift */,
			);
			path = Controller;
			sourceTree = "<group>";
		};
		23406BB0279897EF001D12B0 /* Storyboard */ = {
			isa = PBXGroup;
			children = (
				23406BB52798983A001D12B0 /* OnboardingBase.storyboard */,
				23406BB727989859001D12B0 /* Onboarding.storyboard */,
			);
			path = Storyboard;
			sourceTree = "<group>";
		};
		23E969EE27969CAD00D7D7D3 /* Support */ = {
			isa = PBXGroup;
			children = (
				F278F2552797F9FB00B7A22F /* Fonts */,
				23FB7870279698D5000549C2 /* AppDelegate.swift */,
				23E96A252796A29C00D7D7D3 /* SceneDelegate.swift */,
				23FB7879279698D6000549C2 /* Assets.xcassets */,
				23FB787B279698D6000549C2 /* LaunchScreen.storyboard */,
				23FB787E279698D6000549C2 /* Info.plist */,
			);
			path = Support;
			sourceTree = "<group>";
		};
		23E969EF27969CE400D7D7D3 /* Screen */ = {
			isa = PBXGroup;
			children = (
				23406BAE279897DC001D12B0 /* Onboarding */,
				23E96A1427969F3A00D7D7D3 /* TabBar */,
				23E969FA27969D8C00D7D7D3 /* Home */,
				23E969F727969D7600D7D7D3 /* Magazine */,
				23E969F427969D5C00D7D7D3 /* Calendar */,
				23E969F127969D2600D7D7D3 /* Mypage */,
				BD9456FA2796B70000EB0222 /* Login */,
			);
			path = Screen;
			sourceTree = "<group>";
		};
		23E969F027969CF000D7D7D3 /* Global */ = {
			isa = PBXGroup;
			children = (
				23270CA1279718D20006B9FE /* Extension */,
				23E96A1E27969FD500D7D7D3 /* Factory */,
				23E96A1B27969FBB00D7D7D3 /* Struct */,
			);
			path = Global;
			sourceTree = "<group>";
		};
		23E969F127969D2600D7D7D3 /* Mypage */ = {
			isa = PBXGroup;
			children = (
				23E969F327969D5300D7D7D3 /* Storyboard */,
				23E969F227969D4500D7D7D3 /* Controller */,
				23406B8B279802F8001D12B0 /* Cell */,
			);
			path = Mypage;
			sourceTree = "<group>";
		};
		23E969F227969D4500D7D7D3 /* Controller */ = {
			isa = PBXGroup;
			children = (
				23E96A0927969EDF00D7D7D3 /* MypageVC.swift */,
				23406B9127980F34001D12B0 /* DeliveryListVC.swift */,
				23406B932798102A001D12B0 /* MypageNC.swift */,
				23406B9C27984E23001D12B0 /* LikeListVC.swift */,
			);
			path = Controller;
			sourceTree = "<group>";
		};
		23E969F327969D5300D7D7D3 /* Storyboard */ = {
			isa = PBXGroup;
			children = (
				23E96A0B27969EF300D7D7D3 /* Mypage.storyboard */,
				23406B8F27980F27001D12B0 /* DeliveryList.storyboard */,
				23406B9A27984E1B001D12B0 /* LikeList.storyboard */,
			);
			path = Storyboard;
			sourceTree = "<group>";
		};
		23E969F427969D5C00D7D7D3 /* Calendar */ = {
			isa = PBXGroup;
			children = (
				23E969F627969D6E00D7D7D3 /* Storyboard */,
				23E969F527969D6A00D7D7D3 /* Controller */,
			);
			path = Calendar;
			sourceTree = "<group>";
		};
		23E969F527969D6A00D7D7D3 /* Controller */ = {
			isa = PBXGroup;
			children = (
				23E96A0527969EAA00D7D7D3 /* CalendarVC.swift */,
			);
			path = Controller;
			sourceTree = "<group>";
		};
		23E969F627969D6E00D7D7D3 /* Storyboard */ = {
			isa = PBXGroup;
			children = (
				23E96A0727969ECE00D7D7D3 /* Calendar.storyboard */,
			);
			path = Storyboard;
			sourceTree = "<group>";
		};
		23E969F727969D7600D7D7D3 /* Magazine */ = {
			isa = PBXGroup;
			children = (
				23E969F827969D7C00D7D7D3 /* Storyboard */,
				23E969F927969D8300D7D7D3 /* Controller */,
				23E96A272796CA1100D7D7D3 /* Cell */,
			);
			path = Magazine;
			sourceTree = "<group>";
		};
		23E969F827969D7C00D7D7D3 /* Storyboard */ = {
			isa = PBXGroup;
			children = (
				23E96A0127969E7600D7D7D3 /* Magazine.storyboard */,
			);
			path = Storyboard;
			sourceTree = "<group>";
		};
		23E969F927969D8300D7D7D3 /* Controller */ = {
			isa = PBXGroup;
			children = (
				23E96A0327969E8300D7D7D3 /* MagazineVC.swift */,
			);
			path = Controller;
			sourceTree = "<group>";
		};
		23E969FA27969D8C00D7D7D3 /* Home */ = {
			isa = PBXGroup;
			children = (
				23E969FC27969D9F00D7D7D3 /* Storyboard */,
				23E969FB27969D9900D7D7D3 /* Controller */,
				23E96A0D27969F0100D7D7D3 /* Cell */,
			);
			path = Home;
			sourceTree = "<group>";
		};
		23E969FB27969D9900D7D7D3 /* Controller */ = {
			isa = PBXGroup;
			children = (
				23E969FF27969E0100D7D7D3 /* HomeVC.swift */,
				F278F2662798019A00B7A22F /* SubscribeVC.swift */,
				F278F26827980AE300B7A22F /* HomeNC.swift */,
			);
			path = Controller;
			sourceTree = "<group>";
		};
		23E969FC27969D9F00D7D7D3 /* Storyboard */ = {
			isa = PBXGroup;
			children = (
				23E969FD27969DE200D7D7D3 /* Home.storyboard */,
				F278F2642798018400B7A22F /* Subscribe.storyboard */,
			);
			path = Storyboard;
			sourceTree = "<group>";
		};
		23E96A0D27969F0100D7D7D3 /* Cell */ = {
			isa = PBXGroup;
			children = (
				23E96A0F27969F0F00D7D7D3 /* CVC */,
				23E96A0E27969F0900D7D7D3 /* TVC */,
			);
			path = Cell;
			sourceTree = "<group>";
		};
		23E96A0E27969F0900D7D7D3 /* TVC */ = {
			isa = PBXGroup;
			children = (
				F278F26A2798127900B7A22F /* HomeTVC */,
				F278F26F279846AB00B7A22F /* SubscribeTVC */,
			);
			path = TVC;
			sourceTree = "<group>";
		};
		23E96A0F27969F0F00D7D7D3 /* CVC */ = {
			isa = PBXGroup;
			children = (
				23E96A1027969F2400D7D7D3 /* a.swift */,
			);
			path = CVC;
			sourceTree = "<group>";
		};
		23E96A1427969F3A00D7D7D3 /* TabBar */ = {
			isa = PBXGroup;
			children = (
				23E96A1627969F4600D7D7D3 /* Storyboard */,
				23E96A1527969F4100D7D7D3 /* Controller */,
			);
			path = TabBar;
			sourceTree = "<group>";
		};
		23E96A1527969F4100D7D7D3 /* Controller */ = {
			isa = PBXGroup;
			children = (
				23E96A1727969F6500D7D7D3 /* TeaKKeulTBC.swift */,
			);
			path = Controller;
			sourceTree = "<group>";
		};
		23E96A1627969F4600D7D7D3 /* Storyboard */ = {
			isa = PBXGroup;
			children = (
				23E96A1927969F7600D7D7D3 /* TabBar.storyboard */,
			);
			path = Storyboard;
			sourceTree = "<group>";
		};
		23E96A1B27969FBB00D7D7D3 /* Struct */ = {
			isa = PBXGroup;
			children = (
				23E96A1C27969FC900D7D7D3 /* Identifiers.swift */,
			);
			path = Struct;
			sourceTree = "<group>";
		};
		23E96A1E27969FD500D7D7D3 /* Factory */ = {
			isa = PBXGroup;
			children = (
				23E96A232796A00900D7D7D3 /* StoryboardRepresentation.swift */,
				23E96A2127969FF900D7D7D3 /* TypeOfViewController.swift */,
				23E96A1F27969FE900D7D7D3 /* ViewControllerFactory.swift */,
			);
			path = Factory;
			sourceTree = "<group>";
		};
		23E96A272796CA1100D7D7D3 /* Cell */ = {
			isa = PBXGroup;
			children = (
				23E96A282796CA1800D7D7D3 /* CVC */,
			);
			path = Cell;
			sourceTree = "<group>";
		};
		23E96A282796CA1800D7D7D3 /* CVC */ = {
			isa = PBXGroup;
			children = (
				23E96A292796CA1F00D7D7D3 /* MagazineCVC.swift */,
			);
			path = CVC;
			sourceTree = "<group>";
		};
		23FB7864279698D5000549C2 = {
			isa = PBXGroup;
			children = (
				23FB786F279698D5000549C2 /* Tea-KKeul-iOS */,
				23FB786E279698D5000549C2 /* Products */,
				6EF6BE526E1F1AF75494DC6C /* Pods */,
				DACD4949E490049C5F029E75 /* Frameworks */,
			);
			sourceTree = "<group>";
		};
		23FB786E279698D5000549C2 /* Products */ = {
			isa = PBXGroup;
			children = (
				23FB786D279698D5000549C2 /* Tea-KKeul-iOS.app */,
			);
			name = Products;
			sourceTree = "<group>";
		};
		23FB786F279698D5000549C2 /* Tea-KKeul-iOS */ = {
			isa = PBXGroup;
			children = (
				BD9598ED2797D1120032F901 /* Tea-KKeul-iOS.entitlements */,
				BD2B7EBC27972D990070CA0D /* GoogleService-Info.plist */,
				23E969F027969CF000D7D7D3 /* Global */,
				23E969EF27969CE400D7D7D3 /* Screen */,
				23E969EE27969CAD00D7D7D3 /* Support */,
			);
			path = "Tea-KKeul-iOS";
			sourceTree = "<group>";
		};
		6EF6BE526E1F1AF75494DC6C /* Pods */ = {
			isa = PBXGroup;
			children = (
				5E6256C7B7A42D0BD4007BF6 /* Pods-Tea-KKeul-iOS.debug.xcconfig */,
				225711E4162BB061252B27E4 /* Pods-Tea-KKeul-iOS.release.xcconfig */,
			);
			path = Pods;
			sourceTree = "<group>";
		};
		BD9456FA2796B70000EB0222 /* Login */ = {
			isa = PBXGroup;
			children = (
				BD9456FB2796B70A00EB0222 /* Storyboard */,
				BD9456FC2796B71B00EB0222 /* Controller */,
			);
			path = Login;
			sourceTree = "<group>";
		};
		BD9456FB2796B70A00EB0222 /* Storyboard */ = {
			isa = PBXGroup;
			children = (
				BD9456F62796B6D800EB0222 /* Login.storyboard */,
			);
			path = Storyboard;
			sourceTree = "<group>";
		};
		BD9456FC2796B71B00EB0222 /* Controller */ = {
			isa = PBXGroup;
			children = (
				BD9456F82796B6EE00EB0222 /* LoginVC.swift */,
			);
			path = Controller;
			sourceTree = "<group>";
		};
		DACD4949E490049C5F029E75 /* Frameworks */ = {
			isa = PBXGroup;
			children = (
				BD695BF927980C590090E598 /* absl.framework */,
				BA6A3CC9CC804FB8BCF545EA /* Pods_Tea_KKeul_iOS.framework */,
			);
			name = Frameworks;
			sourceTree = "<group>";
		};
		F278F2552797F9FB00B7A22F /* Fonts */ = {
			isa = PBXGroup;
			children = (
				F278F24F2797F9F300B7A22F /* NotoSansKR-Black.otf */,
				F278F2542797F9F400B7A22F /* NotoSansKR-Bold.otf */,
				F278F2522797F9F400B7A22F /* NotoSansKR-Light.otf */,
				F278F2532797F9F400B7A22F /* NotoSansKR-Medium.otf */,
				F278F2502797F9F300B7A22F /* NotoSansKR-Regular.otf */,
				F278F2512797F9F300B7A22F /* NotoSansKR-Thin.otf */,
				F278F25D2797FA4400B7A22F /* NotoSans-Bold.ttf */,
				F278F25F2797FA4500B7A22F /* NotoSans-BoldItalic.ttf */,
				F278F25E2797FA4500B7A22F /* NotoSans-Italic.ttf */,
				F278F25C2797FA4400B7A22F /* NotoSans-Regular.ttf */,
			);
			path = Fonts;
			sourceTree = "<group>";
		};
		F278F26A2798127900B7A22F /* HomeTVC */ = {
			isa = PBXGroup;
			children = (
				F2B0453827970C2F00FFEE27 /* ConditionCheckTVC.swift */,
				F2B0453927970C2F00FFEE27 /* ConditionCheckTVC.xib */,
				F2B0453C2797288300FFEE27 /* SubscribeTVC.swift */,
				F2B0453D2797288300FFEE27 /* SubscribeTVC.xib */,
				F205B3DE279796BB0065DB55 /* MyStateTVC.swift */,
				F205B3DF279796BB0065DB55 /* MyStateTVC.xib */,
				F205B3E227979DCB0065DB55 /* TeaListTVC.swift */,
				F205B3E327979DCB0065DB55 /* TeaListTVC.xib */,
				F205B3EA2797ACCE0065DB55 /* HomeTitleHeaderView.swift */,
				F205B3EE2797B3960065DB55 /* HomeTitleHeaderView.xib */,
			);
			path = HomeTVC;
			sourceTree = "<group>";
		};
		F278F26F279846AB00B7A22F /* SubscribeTVC */ = {
			isa = PBXGroup;
			children = (
				F278F26B279846A500B7A22F /* AddressTVC.swift */,
				F278F26C279846A500B7A22F /* AddressTVC.xib */,
				F278F270279849A800B7A22F /* SubTitleHeaderView.xib */,
				F278F27427984AAC00B7A22F /* SubTitleHeaderView.swift */,
				F278F2762798519100B7A22F /* DeliveryBoxTVC.swift */,
				F278F2772798519100B7A22F /* DeliveryBoxTVC.xib */,
				F278F27A2798648200B7A22F /* SubscribePeriodTVC.swift */,
				F278F27B2798648200B7A22F /* SubscribePeriodTVC.xib */,
				F278F27E27987A3900B7A22F /* BlendOptionTVC.swift */,
				F278F27F27987A3900B7A22F /* BlendOptionTVC.xib */,
				F278F2842798A55200B7A22F /* TotalCostTVC.swift */,
				F278F2852798A55200B7A22F /* TotalCostTVC.xib */,
				F278F2882798AB0900B7A22F /* PaymentSelectionTVC.swift */,
				F278F2892798AB0900B7A22F /* PaymentSelectionTVC.xib */,
			);
			path = SubscribeTVC;
			sourceTree = "<group>";
		};
/* End PBXGroup section */

/* Begin PBXNativeTarget section */
		23FB786C279698D5000549C2 /* Tea-KKeul-iOS */ = {
			isa = PBXNativeTarget;
			buildConfigurationList = 23FB7881279698D6000549C2 /* Build configuration list for PBXNativeTarget "Tea-KKeul-iOS" */;
			buildPhases = (
				8EB2CFD0CCA8A1274C9EE64B /* [CP] Check Pods Manifest.lock */,
				23FB7869279698D5000549C2 /* Sources */,
				23FB786A279698D5000549C2 /* Frameworks */,
				23FB786B279698D5000549C2 /* Resources */,
				95BCA57ED6D31F6CA0EB4B4A /* [CP] Embed Pods Frameworks */,
				B614AC839F50CD3BA8567899 /* [CP] Copy Pods Resources */,
				8460DA53FE5F396A81A35CBC /* [CP] Embed Pods Frameworks */,
			);
			buildRules = (
			);
			dependencies = (
			);
			name = "Tea-KKeul-iOS";
			productName = "Tea-KKeul-iOS";
			productReference = 23FB786D279698D5000549C2 /* Tea-KKeul-iOS.app */;
			productType = "com.apple.product-type.application";
		};
/* End PBXNativeTarget section */

/* Begin PBXProject section */
		23FB7865279698D5000549C2 /* Project object */ = {
			isa = PBXProject;
			attributes = {
				LastSwiftUpdateCheck = 1250;
				LastUpgradeCheck = 1250;
				TargetAttributes = {
					23FB786C279698D5000549C2 = {
						CreatedOnToolsVersion = 12.5.1;
					};
				};
			};
			buildConfigurationList = 23FB7868279698D5000549C2 /* Build configuration list for PBXProject "Tea-KKeul-iOS" */;
			compatibilityVersion = "Xcode 9.3";
			developmentRegion = en;
			hasScannedForEncodings = 0;
			knownRegions = (
				en,
				Base,
			);
			mainGroup = 23FB7864279698D5000549C2;
			productRefGroup = 23FB786E279698D5000549C2 /* Products */;
			projectDirPath = "";
			projectRoot = "";
			targets = (
				23FB786C279698D5000549C2 /* Tea-KKeul-iOS */,
			);
		};
/* End PBXProject section */

/* Begin PBXResourcesBuildPhase section */
		23FB786B279698D5000549C2 /* Resources */ = {
			isa = PBXResourcesBuildPhase;
			buildActionMask = 2147483647;
			files = (
				BD9456F72796B6D800EB0222 /* Login.storyboard in Resources */,
				23E969FE27969DE200D7D7D3 /* Home.storyboard in Resources */,
				BD2B7EBD27972D990070CA0D /* GoogleService-Info.plist in Resources */,
				F278F271279849A800B7A22F /* SubTitleHeaderView.xib in Resources */,
				F278F27D2798648200B7A22F /* SubscribePeriodTVC.xib in Resources */,
				F278F2602797FA4500B7A22F /* NotoSans-Regular.ttf in Resources */,
				F278F25B2797FA3700B7A22F /* NotoSansKR-Thin.otf in Resources */,
				F2B0453F2797288300FFEE27 /* SubscribeTVC.xib in Resources */,
				23406BB827989859001D12B0 /* Onboarding.storyboard in Resources */,
				F2B0453B27970C2F00FFEE27 /* ConditionCheckTVC.xib in Resources */,
				F278F2792798519100B7A22F /* DeliveryBoxTVC.xib in Resources */,
				F205B3EF2797B3960065DB55 /* HomeTitleHeaderView.xib in Resources */,
				23E969FE27969DE200D7D7D3 /* Home.storyboard in Resources */,
				F278F25A2797FA3400B7A22F /* NotoSansKR-Regular.otf in Resources */,
				23E96A0C27969EF300D7D7D3 /* Mypage.storyboard in Resources */,
				F278F2612797FA4500B7A22F /* NotoSans-Bold.ttf in Resources */,
				F278F2652798018400B7A22F /* Subscribe.storyboard in Resources */,
				F278F2562797FA2200B7A22F /* NotoSansKR-Black.otf in Resources */,
				F278F28127987A3900B7A22F /* BlendOptionTVC.xib in Resources */,
				F278F28B2798AB0900B7A22F /* PaymentSelectionTVC.xib in Resources */,
				F278F2582797FA2F00B7A22F /* NotoSansKR-Light.otf in Resources */,
				23FB787D279698D6000549C2 /* LaunchScreen.storyboard in Resources */,
				F205B3E1279796BB0065DB55 /* MyStateTVC.xib in Resources */,
				F278F2572797FA2500B7A22F /* NotoSansKR-Bold.otf in Resources */,
				23E96A0227969E7600D7D7D3 /* Magazine.storyboard in Resources */,
				23E96A0827969ECE00D7D7D3 /* Calendar.storyboard in Resources */,
				F278F2872798A55200B7A22F /* TotalCostTVC.xib in Resources */,
				F278F2592797FA3200B7A22F /* NotoSansKR-Medium.otf in Resources */,
				F278F26E279846A500B7A22F /* AddressTVC.xib in Resources */,
				23E96A1A27969F7600D7D7D3 /* TabBar.storyboard in Resources */,
				F278F2622797FA4500B7A22F /* NotoSans-Italic.ttf in Resources */,
				23406B9B27984E1B001D12B0 /* LikeList.storyboard in Resources */,
				23FB787A279698D6000549C2 /* Assets.xcassets in Resources */,
				23406B9027980F27001D12B0 /* DeliveryList.storyboard in Resources */,
				F278F2632797FA4500B7A22F /* NotoSans-BoldItalic.ttf in Resources */,
				23406BB62798983A001D12B0 /* OnboardingBase.storyboard in Resources */,
				F205B3E527979DCB0065DB55 /* TeaListTVC.xib in Resources */,
			);
			runOnlyForDeploymentPostprocessing = 0;
		};
/* End PBXResourcesBuildPhase section */

/* Begin PBXShellScriptBuildPhase section */

		8EB2CFD0CCA8A1274C9EE64B /* [CP] Check Pods Manifest.lock */ = {

		8460DA53FE5F396A81A35CBC /* [CP] Embed Pods Frameworks */ = {
			isa = PBXShellScriptBuildPhase;
			buildActionMask = 2147483647;
			files = (
			);
			inputFileListPaths = (
				"${PODS_ROOT}/Target Support Files/Pods-Tea-KKeul-iOS/Pods-Tea-KKeul-iOS-frameworks-${CONFIGURATION}-input-files.xcfilelist",
			);
			name = "[CP] Embed Pods Frameworks";
			outputFileListPaths = (
				"${PODS_ROOT}/Target Support Files/Pods-Tea-KKeul-iOS/Pods-Tea-KKeul-iOS-frameworks-${CONFIGURATION}-output-files.xcfilelist",
			);
			runOnlyForDeploymentPostprocessing = 0;
			shellPath = /bin/sh;
			shellScript = "\"${PODS_ROOT}/Target Support Files/Pods-Tea-KKeul-iOS/Pods-Tea-KKeul-iOS-frameworks.sh\"\n";
			showEnvVarsInLog = 0;
		};
		BBBA48C30480E00B62AD987A /* [CP] Check Pods Manifest.lock */ = {
			isa = PBXShellScriptBuildPhase;
			buildActionMask = 2147483647;
			files = (
			);
			inputFileListPaths = (
			);
			inputPaths = (
				"${PODS_PODFILE_DIR_PATH}/Podfile.lock",
				"${PODS_ROOT}/Manifest.lock",
			);
			name = "[CP] Check Pods Manifest.lock";
			outputFileListPaths = (
			);
			outputPaths = (
				"$(DERIVED_FILE_DIR)/Pods-Tea-KKeul-iOS-checkManifestLockResult.txt",
			);
			runOnlyForDeploymentPostprocessing = 0;
			shellPath = /bin/sh;
			shellScript = "diff \"${PODS_PODFILE_DIR_PATH}/Podfile.lock\" \"${PODS_ROOT}/Manifest.lock\" > /dev/null\nif [ $? != 0 ] ; then\n    # print error to STDERR\n    echo \"error: The sandbox is not in sync with the Podfile.lock. Run 'pod install' or update your CocoaPods installation.\" >&2\n    exit 1\nfi\n# This output is used by Xcode 'outputs' to avoid re-running this script phase.\necho \"SUCCESS\" > \"${SCRIPT_OUTPUT_FILE_0}\"\n";
			showEnvVarsInLog = 0;
		};
		95BCA57ED6D31F6CA0EB4B4A /* [CP] Embed Pods Frameworks */ = {
			isa = PBXShellScriptBuildPhase;
			buildActionMask = 2147483647;
			files = (
			);
			inputFileListPaths = (
				"${PODS_ROOT}/Target Support Files/Pods-Tea-KKeul-iOS/Pods-Tea-KKeul-iOS-frameworks-${CONFIGURATION}-input-files.xcfilelist",
			);
			name = "[CP] Embed Pods Frameworks";
			outputFileListPaths = (
				"${PODS_ROOT}/Target Support Files/Pods-Tea-KKeul-iOS/Pods-Tea-KKeul-iOS-frameworks-${CONFIGURATION}-output-files.xcfilelist",
			);
			runOnlyForDeploymentPostprocessing = 0;
			shellPath = /bin/sh;
			shellScript = "\"${PODS_ROOT}/Target Support Files/Pods-Tea-KKeul-iOS/Pods-Tea-KKeul-iOS-frameworks.sh\"\n";
			showEnvVarsInLog = 0;
		};
		B614AC839F50CD3BA8567899 /* [CP] Copy Pods Resources */ = {
			isa = PBXShellScriptBuildPhase;
			buildActionMask = 2147483647;
			files = (
			);
			inputFileListPaths = (
				"${PODS_ROOT}/Target Support Files/Pods-Tea-KKeul-iOS/Pods-Tea-KKeul-iOS-resources-${CONFIGURATION}-input-files.xcfilelist",
			);
			name = "[CP] Copy Pods Resources";
			outputFileListPaths = (
				"${PODS_ROOT}/Target Support Files/Pods-Tea-KKeul-iOS/Pods-Tea-KKeul-iOS-resources-${CONFIGURATION}-output-files.xcfilelist",
			);
			runOnlyForDeploymentPostprocessing = 0;
			shellPath = /bin/sh;
			shellScript = "\"${PODS_ROOT}/Target Support Files/Pods-Tea-KKeul-iOS/Pods-Tea-KKeul-iOS-resources.sh\"\n";
			showEnvVarsInLog = 0;
		};
/* End PBXShellScriptBuildPhase section */

/* Begin PBXSourcesBuildPhase section */
		23FB7869279698D5000549C2 /* Sources */ = {
			isa = PBXSourcesBuildPhase;
			buildActionMask = 2147483647;
			files = (
				23406B9227980F34001D12B0 /* DeliveryListVC.swift in Sources */,
				23406BB227989804001D12B0 /* OnboardingVC.swift in Sources */,
				F2B0453A27970C2F00FFEE27 /* ConditionCheckTVC.swift in Sources */,
				23E96A2027969FE900D7D7D3 /* ViewControllerFactory.swift in Sources */,
				BD9456F92796B6EE00EB0222 /* LoginVC.swift in Sources */,
				23406B942798102A001D12B0 /* MypageNC.swift in Sources */,
				23E96A0A27969EDF00D7D7D3 /* MypageVC.swift in Sources */,
				F278F27527984AAC00B7A22F /* SubTitleHeaderView.swift in Sources */,
				F278F26D279846A500B7A22F /* AddressTVC.swift in Sources */,
				F278F24A2797F44B00B7A22F /* CALayer+.swift in Sources */,
				23FB7871279698D5000549C2 /* AppDelegate.swift in Sources */,
				F278F28027987A3900B7A22F /* BlendOptionTVC.swift in Sources */,
				23E96A1827969F6500D7D7D3 /* TeaKKeulTBC.swift in Sources */,
				F278F2782798519100B7A22F /* DeliveryBoxTVC.swift in Sources */,
				23406B99279842C0001D12B0 /* AddressCVC.swift in Sources */,
				F278F2482797F3EE00B7A22F /* UITextView+.swift in Sources */,
				23E96A1D27969FC900D7D7D3 /* Identifiers.swift in Sources */,
				23270CA72797199C0006B9FE /* UILabel+.swift in Sources */,
				23E96A2227969FF900D7D7D3 /* TypeOfViewController.swift in Sources */,
				23E96A0427969E8300D7D7D3 /* MagazineVC.swift in Sources */,
				F205B3E427979DCB0065DB55 /* TeaListTVC.swift in Sources */,
				23270CAB279719D90006B9FE /* UITextField+.swift in Sources */,
				23270CA52797193A0006B9FE /* UIFont+.swift in Sources */,
				23E96A262796A29C00D7D7D3 /* SceneDelegate.swift in Sources */,
				F278F2672798019A00B7A22F /* SubscribeVC.swift in Sources */,
				F278F24C2797F67A00B7A22F /* UIView+.swift in Sources */,
				F278F24E2797F71000B7A22F /* UIImageView+.swift in Sources */,
				23E96A2A2796CA1F00D7D7D3 /* MagazineCVC.swift in Sources */,
				23E96A1127969F2400D7D7D3 /* a.swift in Sources */,
				23E96A242796A00900D7D7D3 /* StoryboardRepresentation.swift in Sources */,
				23406B8E27980304001D12B0 /* SettingTVC.swift in Sources */,
				F2B0453E2797288300FFEE27 /* SubscribeTVC.swift in Sources */,
				23E96A0627969EAA00D7D7D3 /* CalendarVC.swift in Sources */,
				F278F26927980AE300B7A22F /* HomeNC.swift in Sources */,
				23E96A0027969E0100D7D7D3 /* HomeVC.swift in Sources */,
				23406BB427989822001D12B0 /* OnboardingBaseVC.swift in Sources */,
				23406B9F27985D77001D12B0 /* LikeListCVC.swift in Sources */,
				F205B3EB2797ACCE0065DB55 /* HomeTitleHeaderView.swift in Sources */,
				F278F28A2798AB0900B7A22F /* PaymentSelectionTVC.swift in Sources */,
				F205B3E0279796BB0065DB55 /* MyStateTVC.swift in Sources */,
				F278F2862798A55200B7A22F /* TotalCostTVC.swift in Sources */,
				23270CA3279718EC0006B9FE /* UIColor+.swift in Sources */,
				23270CA9279719BA0006B9FE /* Notification+Name.swift in Sources */,
				23270CAD279719EF0006B9FE /* UIButton+.swift in Sources */,
				F278F27C2798648200B7A22F /* SubscribePeriodTVC.swift in Sources */,
				23406B9727981C52001D12B0 /* AddressEnrollCVC.swift in Sources */,
				23406B9D27984E23001D12B0 /* LikeListVC.swift in Sources */,
			);
			runOnlyForDeploymentPostprocessing = 0;
		};
/* End PBXSourcesBuildPhase section */

/* Begin PBXVariantGroup section */
		23FB787B279698D6000549C2 /* LaunchScreen.storyboard */ = {
			isa = PBXVariantGroup;
			children = (
				23FB787C279698D6000549C2 /* Base */,
			);
			name = LaunchScreen.storyboard;
			sourceTree = "<group>";
		};
/* End PBXVariantGroup section */

/* Begin XCBuildConfiguration section */
		23FB787F279698D6000549C2 /* Debug */ = {
			isa = XCBuildConfiguration;
			buildSettings = {
				ALWAYS_SEARCH_USER_PATHS = NO;
				CLANG_ANALYZER_NONNULL = YES;
				CLANG_ANALYZER_NUMBER_OBJECT_CONVERSION = YES_AGGRESSIVE;
				CLANG_CXX_LANGUAGE_STANDARD = "gnu++14";
				CLANG_CXX_LIBRARY = "libc++";
				CLANG_ENABLE_MODULES = YES;
				CLANG_ENABLE_OBJC_ARC = YES;
				CLANG_ENABLE_OBJC_WEAK = YES;
				CLANG_WARN_BLOCK_CAPTURE_AUTORELEASING = YES;
				CLANG_WARN_BOOL_CONVERSION = YES;
				CLANG_WARN_COMMA = YES;
				CLANG_WARN_CONSTANT_CONVERSION = YES;
				CLANG_WARN_DEPRECATED_OBJC_IMPLEMENTATIONS = YES;
				CLANG_WARN_DIRECT_OBJC_ISA_USAGE = YES_ERROR;
				CLANG_WARN_DOCUMENTATION_COMMENTS = YES;
				CLANG_WARN_EMPTY_BODY = YES;
				CLANG_WARN_ENUM_CONVERSION = YES;
				CLANG_WARN_INFINITE_RECURSION = YES;
				CLANG_WARN_INT_CONVERSION = YES;
				CLANG_WARN_NON_LITERAL_NULL_CONVERSION = YES;
				CLANG_WARN_OBJC_IMPLICIT_RETAIN_SELF = YES;
				CLANG_WARN_OBJC_LITERAL_CONVERSION = YES;
				CLANG_WARN_OBJC_ROOT_CLASS = YES_ERROR;
				CLANG_WARN_QUOTED_INCLUDE_IN_FRAMEWORK_HEADER = YES;
				CLANG_WARN_RANGE_LOOP_ANALYSIS = YES;
				CLANG_WARN_STRICT_PROTOTYPES = YES;
				CLANG_WARN_SUSPICIOUS_MOVE = YES;
				CLANG_WARN_UNGUARDED_AVAILABILITY = YES_AGGRESSIVE;
				CLANG_WARN_UNREACHABLE_CODE = YES;
				CLANG_WARN__DUPLICATE_METHOD_MATCH = YES;
				COPY_PHASE_STRIP = NO;
				DEBUG_INFORMATION_FORMAT = dwarf;
				ENABLE_STRICT_OBJC_MSGSEND = YES;
				ENABLE_TESTABILITY = YES;
				GCC_C_LANGUAGE_STANDARD = gnu11;
				GCC_DYNAMIC_NO_PIC = NO;
				GCC_NO_COMMON_BLOCKS = YES;
				GCC_OPTIMIZATION_LEVEL = 0;
				GCC_PREPROCESSOR_DEFINITIONS = (
					"DEBUG=1",
					"$(inherited)",
				);
				GCC_WARN_64_TO_32_BIT_CONVERSION = YES;
				GCC_WARN_ABOUT_RETURN_TYPE = YES_ERROR;
				GCC_WARN_UNDECLARED_SELECTOR = YES;
				GCC_WARN_UNINITIALIZED_AUTOS = YES_AGGRESSIVE;
				GCC_WARN_UNUSED_FUNCTION = YES;
				GCC_WARN_UNUSED_VARIABLE = YES;
				IPHONEOS_DEPLOYMENT_TARGET = 14.5;
				MTL_ENABLE_DEBUG_INFO = INCLUDE_SOURCE;
				MTL_FAST_MATH = YES;
				ONLY_ACTIVE_ARCH = YES;
				SDKROOT = iphoneos;
				SWIFT_ACTIVE_COMPILATION_CONDITIONS = DEBUG;
				SWIFT_OPTIMIZATION_LEVEL = "-Onone";
			};
			name = Debug;
		};
		23FB7880279698D6000549C2 /* Release */ = {
			isa = XCBuildConfiguration;
			buildSettings = {
				ALWAYS_SEARCH_USER_PATHS = NO;
				CLANG_ANALYZER_NONNULL = YES;
				CLANG_ANALYZER_NUMBER_OBJECT_CONVERSION = YES_AGGRESSIVE;
				CLANG_CXX_LANGUAGE_STANDARD = "gnu++14";
				CLANG_CXX_LIBRARY = "libc++";
				CLANG_ENABLE_MODULES = YES;
				CLANG_ENABLE_OBJC_ARC = YES;
				CLANG_ENABLE_OBJC_WEAK = YES;
				CLANG_WARN_BLOCK_CAPTURE_AUTORELEASING = YES;
				CLANG_WARN_BOOL_CONVERSION = YES;
				CLANG_WARN_COMMA = YES;
				CLANG_WARN_CONSTANT_CONVERSION = YES;
				CLANG_WARN_DEPRECATED_OBJC_IMPLEMENTATIONS = YES;
				CLANG_WARN_DIRECT_OBJC_ISA_USAGE = YES_ERROR;
				CLANG_WARN_DOCUMENTATION_COMMENTS = YES;
				CLANG_WARN_EMPTY_BODY = YES;
				CLANG_WARN_ENUM_CONVERSION = YES;
				CLANG_WARN_INFINITE_RECURSION = YES;
				CLANG_WARN_INT_CONVERSION = YES;
				CLANG_WARN_NON_LITERAL_NULL_CONVERSION = YES;
				CLANG_WARN_OBJC_IMPLICIT_RETAIN_SELF = YES;
				CLANG_WARN_OBJC_LITERAL_CONVERSION = YES;
				CLANG_WARN_OBJC_ROOT_CLASS = YES_ERROR;
				CLANG_WARN_QUOTED_INCLUDE_IN_FRAMEWORK_HEADER = YES;
				CLANG_WARN_RANGE_LOOP_ANALYSIS = YES;
				CLANG_WARN_STRICT_PROTOTYPES = YES;
				CLANG_WARN_SUSPICIOUS_MOVE = YES;
				CLANG_WARN_UNGUARDED_AVAILABILITY = YES_AGGRESSIVE;
				CLANG_WARN_UNREACHABLE_CODE = YES;
				CLANG_WARN__DUPLICATE_METHOD_MATCH = YES;
				COPY_PHASE_STRIP = NO;
				DEBUG_INFORMATION_FORMAT = "dwarf-with-dsym";
				ENABLE_NS_ASSERTIONS = NO;
				ENABLE_STRICT_OBJC_MSGSEND = YES;
				GCC_C_LANGUAGE_STANDARD = gnu11;
				GCC_NO_COMMON_BLOCKS = YES;
				GCC_WARN_64_TO_32_BIT_CONVERSION = YES;
				GCC_WARN_ABOUT_RETURN_TYPE = YES_ERROR;
				GCC_WARN_UNDECLARED_SELECTOR = YES;
				GCC_WARN_UNINITIALIZED_AUTOS = YES_AGGRESSIVE;
				GCC_WARN_UNUSED_FUNCTION = YES;
				GCC_WARN_UNUSED_VARIABLE = YES;
				IPHONEOS_DEPLOYMENT_TARGET = 14.5;
				MTL_ENABLE_DEBUG_INFO = NO;
				MTL_FAST_MATH = YES;
				SDKROOT = iphoneos;
				SWIFT_COMPILATION_MODE = wholemodule;
				SWIFT_OPTIMIZATION_LEVEL = "-O";
				VALIDATE_PRODUCT = YES;
			};
			name = Release;
		};
		23FB7882279698D6000549C2 /* Debug */ = {
			isa = XCBuildConfiguration;
			baseConfigurationReference = 5E6256C7B7A42D0BD4007BF6 /* Pods-Tea-KKeul-iOS.debug.xcconfig */;
			buildSettings = {
				ASSETCATALOG_COMPILER_APPICON_NAME = AppIcon;
				ASSETCATALOG_COMPILER_GLOBAL_ACCENT_COLOR_NAME = AccentColor;
				CODE_SIGN_ENTITLEMENTS = "Tea-KKeul-iOS/Tea-KKeul-iOS.entitlements";
				CODE_SIGN_STYLE = Automatic;
				DEVELOPMENT_TEAM = 5T44CA4NMQ;
				EXCLUDED_ARCHS = "";
				INFOPLIST_FILE = "Tea-KKeul-iOS/Support/Info.plist";
				LD_RUNPATH_SEARCH_PATHS = (
					"$(inherited)",
					"@executable_path/Frameworks",
				);
				PRODUCT_BUNDLE_IDENTIFIER = "com.TKKeul.Tea-KKeul-iOS.signin";
				PRODUCT_NAME = "$(TARGET_NAME)";
				SWIFT_VERSION = 5.0;
				TARGETED_DEVICE_FAMILY = "1,2";
			};
			name = Debug;
		};
		23FB7883279698D6000549C2 /* Release */ = {
			isa = XCBuildConfiguration;
			baseConfigurationReference = 225711E4162BB061252B27E4 /* Pods-Tea-KKeul-iOS.release.xcconfig */;
			buildSettings = {
				ASSETCATALOG_COMPILER_APPICON_NAME = AppIcon;
				ASSETCATALOG_COMPILER_GLOBAL_ACCENT_COLOR_NAME = AccentColor;
				CODE_SIGN_ENTITLEMENTS = "Tea-KKeul-iOS/Tea-KKeul-iOS.entitlements";
				CODE_SIGN_STYLE = Automatic;
				DEVELOPMENT_TEAM = 5T44CA4NMQ;
				EXCLUDED_ARCHS = "";
				INFOPLIST_FILE = "Tea-KKeul-iOS/Support/Info.plist";
				LD_RUNPATH_SEARCH_PATHS = (
					"$(inherited)",
					"@executable_path/Frameworks",
				);
				PRODUCT_BUNDLE_IDENTIFIER = "com.TKKeul.Tea-KKeul-iOS.signin";
				PRODUCT_NAME = "$(TARGET_NAME)";
				SWIFT_VERSION = 5.0;
				TARGETED_DEVICE_FAMILY = "1,2";
			};
			name = Release;
		};
/* End XCBuildConfiguration section */

/* Begin XCConfigurationList section */
		23FB7868279698D5000549C2 /* Build configuration list for PBXProject "Tea-KKeul-iOS" */ = {
			isa = XCConfigurationList;
			buildConfigurations = (
				23FB787F279698D6000549C2 /* Debug */,
				23FB7880279698D6000549C2 /* Release */,
			);
			defaultConfigurationIsVisible = 0;
			defaultConfigurationName = Release;
		};
		23FB7881279698D6000549C2 /* Build configuration list for PBXNativeTarget "Tea-KKeul-iOS" */ = {
			isa = XCConfigurationList;
			buildConfigurations = (
				23FB7882279698D6000549C2 /* Debug */,
				23FB7883279698D6000549C2 /* Release */,
			);
			defaultConfigurationIsVisible = 0;
			defaultConfigurationName = Release;
		};
/* End XCConfigurationList section */
	};
	rootObject = 23FB7865279698D5000549C2 /* Project object */;
}
